// !$*UTF8*$!
{
	archiveVersion = 1;
	classes = {
	};
	objectVersion = 50;
	objects = {

/* Begin PBXBuildFile section */
		5719AF0022DB3D0300B0726E /* SentMemeVC.swift in Sources */ = {isa = PBXBuildFile; fileRef = 5719AEFF22DB3D0300B0726E /* SentMemeVC.swift */; };
		5719AF0222DB3E2300B0726E /* SentMemeDetailVC.swift in Sources */ = {isa = PBXBuildFile; fileRef = 5719AF0122DB3E2300B0726E /* SentMemeDetailVC.swift */; };
		5719AF0422DB416900B0726E /* SentMemeCollectionCell.swift in Sources */ = {isa = PBXBuildFile; fileRef = 5719AF0322DB416900B0726E /* SentMemeCollectionCell.swift */; };
		5719AF0622DB41FE00B0726E /* SentMemeCollectionVC.swift in Sources */ = {isa = PBXBuildFile; fileRef = 5719AF0522DB41FE00B0726E /* SentMemeCollectionVC.swift */; };
		57283BE222CA6EA300AA5945 /* Meme.swift in Sources */ = {isa = PBXBuildFile; fileRef = 57283BE122CA6EA300AA5945 /* Meme.swift */; };
		572F6D8122B7CF8F006CAF34 /* AppDelegate.swift in Sources */ = {isa = PBXBuildFile; fileRef = 572F6D8022B7CF8F006CAF34 /* AppDelegate.swift */; };
		572F6D8322B7CF8F006CAF34 /* CreateMemeViewController.swift in Sources */ = {isa = PBXBuildFile; fileRef = 572F6D8222B7CF8F006CAF34 /* CreateMemeViewController.swift */; };
		572F6D8622B7CF8F006CAF34 /* Main.storyboard in Resources */ = {isa = PBXBuildFile; fileRef = 572F6D8422B7CF8F006CAF34 /* Main.storyboard */; };
		572F6D8822B7CF91006CAF34 /* Assets.xcassets in Resources */ = {isa = PBXBuildFile; fileRef = 572F6D8722B7CF91006CAF34 /* Assets.xcassets */; };
		572F6D8B22B7CF91006CAF34 /* LaunchScreen.storyboard in Resources */ = {isa = PBXBuildFile; fileRef = 572F6D8922B7CF91006CAF34 /* LaunchScreen.storyboard */; };
		57780BB522CA3D460031F5BB /* MemeTextFieldDelegate.swift in Sources */ = {isa = PBXBuildFile; fileRef = 57780BB422CA3D460031F5BB /* MemeTextFieldDelegate.swift */; };
/* End PBXBuildFile section */

/* Begin PBXFileReference section */
		5719AEFF22DB3D0300B0726E /* SentMemeVC.swift */ = {isa = PBXFileReference; lastKnownFileType = sourcecode.swift; path = SentMemeVC.swift; sourceTree = "<group>"; };
		5719AF0122DB3E2300B0726E /* SentMemeDetailVC.swift */ = {isa = PBXFileReference; lastKnownFileType = sourcecode.swift; path = SentMemeDetailVC.swift; sourceTree = "<group>"; };
		5719AF0322DB416900B0726E /* SentMemeCollectionCell.swift */ = {isa = PBXFileReference; lastKnownFileType = sourcecode.swift; path = SentMemeCollectionCell.swift; sourceTree = "<group>"; };
		5719AF0522DB41FE00B0726E /* SentMemeCollectionVC.swift */ = {isa = PBXFileReference; lastKnownFileType = sourcecode.swift; path = SentMemeCollectionVC.swift; sourceTree = "<group>"; };
		57283BE122CA6EA300AA5945 /* Meme.swift */ = {isa = PBXFileReference; lastKnownFileType = sourcecode.swift; path = Meme.swift; sourceTree = "<group>"; };
		572F6D7D22B7CF8F006CAF34 /* MeMe1.0.app */ = {isa = PBXFileReference; explicitFileType = wrapper.application; includeInIndex = 0; path = MeMe1.0.app; sourceTree = BUILT_PRODUCTS_DIR; };
		572F6D8022B7CF8F006CAF34 /* AppDelegate.swift */ = {isa = PBXFileReference; lastKnownFileType = sourcecode.swift; path = AppDelegate.swift; sourceTree = "<group>"; };
		572F6D8222B7CF8F006CAF34 /* CreateMemeViewController.swift */ = {isa = PBXFileReference; lastKnownFileType = sourcecode.swift; path = CreateMemeViewController.swift; sourceTree = "<group>"; };
		572F6D8522B7CF8F006CAF34 /* Base */ = {isa = PBXFileReference; lastKnownFileType = file.storyboard; name = Base; path = Base.lproj/Main.storyboard; sourceTree = "<group>"; };
		572F6D8722B7CF91006CAF34 /* Assets.xcassets */ = {isa = PBXFileReference; lastKnownFileType = folder.assetcatalog; path = Assets.xcassets; sourceTree = "<group>"; };
		572F6D8A22B7CF91006CAF34 /* Base */ = {isa = PBXFileReference; lastKnownFileType = file.storyboard; name = Base; path = Base.lproj/LaunchScreen.storyboard; sourceTree = "<group>"; };
		572F6D8C22B7CF91006CAF34 /* Info.plist */ = {isa = PBXFileReference; lastKnownFileType = text.plist.xml; path = Info.plist; sourceTree = "<group>"; };
		57780BB422CA3D460031F5BB /* MemeTextFieldDelegate.swift */ = {isa = PBXFileReference; lastKnownFileType = sourcecode.swift; path = MemeTextFieldDelegate.swift; sourceTree = "<group>"; };
/* End PBXFileReference section */

/* Begin PBXFrameworksBuildPhase section */
		572F6D7A22B7CF8F006CAF34 /* Frameworks */ = {
			isa = PBXFrameworksBuildPhase;
			buildActionMask = 2147483647;
			files = (
			);
			runOnlyForDeploymentPostprocessing = 0;
		};
/* End PBXFrameworksBuildPhase section */

/* Begin PBXGroup section */
		57283BE022CA6E9300AA5945 /* model */ = {
			isa = PBXGroup;
			children = (
				57283BE122CA6EA300AA5945 /* Meme.swift */,
			);
			path = model;
			sourceTree = "<group>";
		};
		572F6D7422B7CF8F006CAF34 = {
			isa = PBXGroup;
			children = (
				572F6D7F22B7CF8F006CAF34 /* MeMe1.0 */,
				572F6D7E22B7CF8F006CAF34 /* Products */,
			);
			sourceTree = "<group>";
		};
		572F6D7E22B7CF8F006CAF34 /* Products */ = {
			isa = PBXGroup;
			children = (
				572F6D7D22B7CF8F006CAF34 /* MeMe1.0.app */,
			);
			name = Products;
			sourceTree = "<group>";
		};
		572F6D7F22B7CF8F006CAF34 /* MeMe1.0 */ = {
			isa = PBXGroup;
			children = (
				5719AF0322DB416900B0726E /* SentMemeCollectionCell.swift */,
				57283BE022CA6E9300AA5945 /* model */,
				57780BB322CA3D280031F5BB /* delegate */,
				572F6D8022B7CF8F006CAF34 /* AppDelegate.swift */,
				572F6D8222B7CF8F006CAF34 /* CreateMemeViewController.swift */,
				572F6D8422B7CF8F006CAF34 /* Main.storyboard */,
				572F6D8722B7CF91006CAF34 /* Assets.xcassets */,
				572F6D8922B7CF91006CAF34 /* LaunchScreen.storyboard */,
				572F6D8C22B7CF91006CAF34 /* Info.plist */,
				5719AEFF22DB3D0300B0726E /* SentMemeVC.swift */,
				5719AF0122DB3E2300B0726E /* SentMemeDetailVC.swift */,
				5719AF0522DB41FE00B0726E /* SentMemeCollectionVC.swift */,
			);
			path = MeMe1.0;
			sourceTree = "<group>";
		};
		57780BB322CA3D280031F5BB /* delegate */ = {
			isa = PBXGroup;
			children = (
				57780BB422CA3D460031F5BB /* MemeTextFieldDelegate.swift */,
			);
			path = delegate;
			sourceTree = "<group>";
		};
/* End PBXGroup section */

/* Begin PBXNativeTarget section */
		572F6D7C22B7CF8F006CAF34 /* MeMe1.0 */ = {
			isa = PBXNativeTarget;
			buildConfigurationList = 572F6D8F22B7CF91006CAF34 /* Build configuration list for PBXNativeTarget "MeMe1.0" */;
			buildPhases = (
				572F6D7922B7CF8F006CAF34 /* Sources */,
				572F6D7A22B7CF8F006CAF34 /* Frameworks */,
				572F6D7B22B7CF8F006CAF34 /* Resources */,
			);
			buildRules = (
			);
			dependencies = (
			);
			name = MeMe1.0;
			productName = MeMe1.0;
			productReference = 572F6D7D22B7CF8F006CAF34 /* MeMe1.0.app */;
			productType = "com.apple.product-type.application";
		};
/* End PBXNativeTarget section */

/* Begin PBXProject section */
		572F6D7522B7CF8F006CAF34 /* Project object */ = {
			isa = PBXProject;
			attributes = {
				LastSwiftUpdateCheck = 1020;
				LastUpgradeCheck = 1020;
				ORGANIZATIONNAME = NEVERCUTE;
				TargetAttributes = {
					572F6D7C22B7CF8F006CAF34 = {
						CreatedOnToolsVersion = 10.2.1;
					};
				};
			};
			buildConfigurationList = 572F6D7822B7CF8F006CAF34 /* Build configuration list for PBXProject "MeMe1.0" */;
			compatibilityVersion = "Xcode 9.3";
			developmentRegion = en;
			hasScannedForEncodings = 0;
			knownRegions = (
				en,
				Base,
			);
			mainGroup = 572F6D7422B7CF8F006CAF34;
			productRefGroup = 572F6D7E22B7CF8F006CAF34 /* Products */;
			projectDirPath = "";
			projectRoot = "";
			targets = (
				572F6D7C22B7CF8F006CAF34 /* MeMe1.0 */,
			);
		};
/* End PBXProject section */

/* Begin PBXResourcesBuildPhase section */
		572F6D7B22B7CF8F006CAF34 /* Resources */ = {
			isa = PBXResourcesBuildPhase;
			buildActionMask = 2147483647;
			files = (
				572F6D8B22B7CF91006CAF34 /* LaunchScreen.storyboard in Resources */,
				572F6D8822B7CF91006CAF34 /* Assets.xcassets in Resources */,
				572F6D8622B7CF8F006CAF34 /* Main.storyboard in Resources */,
			);
			runOnlyForDeploymentPostprocessing = 0;
		};
/* End PBXResourcesBuildPhase section */

/* Begin PBXSourcesBuildPhase section */
		572F6D7922B7CF8F006CAF34 /* Sources */ = {
			isa = PBXSourcesBuildPhase;
			buildActionMask = 2147483647;
			files = (
				5719AF0622DB41FE00B0726E /* SentMemeCollectionVC.swift in Sources */,
				572F6D8322B7CF8F006CAF34 /* CreateMemeViewController.swift in Sources */,
				57283BE222CA6EA300AA5945 /* Meme.swift in Sources */,
				5719AF0422DB416900B0726E /* SentMemeCollectionCell.swift in Sources */,
				57780BB522CA3D460031F5BB /* MemeTextFieldDelegate.swift in Sources */,
				5719AF0222DB3E2300B0726E /* SentMemeDetailVC.swift in Sources */,
				572F6D8122B7CF8F006CAF34 /* AppDelegate.swift in Sources */,
				5719AF0022DB3D0300B0726E /* SentMemeVC.swift in Sources */,
			);
			runOnlyForDeploymentPostprocessing = 0;
		};
/* End PBXSourcesBuildPhase section */

/* Begin PBXVariantGroup section */
		572F6D8422B7CF8F006CAF34 /* Main.storyboard */ = {
			isa = PBXVariantGroup;
			children = (
				572F6D8522B7CF8F006CAF34 /* Base */,
			);
			name = Main.storyboard;
			sourceTree = "<group>";
		};
		572F6D8922B7CF91006CAF34 /* LaunchScreen.storyboard */ = {
			isa = PBXVariantGroup;
			children = (
				572F6D8A22B7CF91006CAF34 /* Base */,
			);
			name = LaunchScreen.storyboard;
			sourceTree = "<group>";
		};
/* End PBXVariantGroup section */

/* Begin XCBuildConfiguration section */
		572F6D8D22B7CF91006CAF34 /* Debug */ = {
			isa = XCBuildConfiguration;
			buildSettings = {
				ALWAYS_SEARCH_USER_PATHS = NO;
				CLANG_ANALYZER_NONNULL = YES;
				CLANG_ANALYZER_NUMBER_OBJECT_CONVERSION = YES_AGGRESSIVE;
				CLANG_CXX_LANGUAGE_STANDARD = "gnu++14";
				CLANG_CXX_LIBRARY = "libc++";
				CLANG_ENABLE_MODULES = YES;
				CLANG_ENABLE_OBJC_ARC = YES;
				CLANG_ENABLE_OBJC_WEAK = YES;
				CLANG_WARN_BLOCK_CAPTURE_AUTORELEASING = YES;
				CLANG_WARN_BOOL_CONVERSION = YES;
				CLANG_WARN_COMMA = YES;
				CLANG_WARN_CONSTANT_CONVERSION = YES;
				CLANG_WARN_DEPRECATED_OBJC_IMPLEMENTATIONS = YES;
				CLANG_WARN_DIRECT_OBJC_ISA_USAGE = YES_ERROR;
				CLANG_WARN_DOCUMENTATION_COMMENTS = YES;
				CLANG_WARN_EMPTY_BODY = YES;
				CLANG_WARN_ENUM_CONVERSION = YES;
				CLANG_WARN_INFINITE_RECURSION = YES;
				CLANG_WARN_INT_CONVERSION = YES;
				CLANG_WARN_NON_LITERAL_NULL_CONVERSION = YES;
				CLANG_WARN_OBJC_IMPLICIT_RETAIN_SELF = YES;
				CLANG_WARN_OBJC_LITERAL_CONVERSION = YES;
				CLANG_WARN_OBJC_ROOT_CLASS = YES_ERROR;
				CLANG_WARN_RANGE_LOOP_ANALYSIS = YES;
				CLANG_WARN_STRICT_PROTOTYPES = YES;
				CLANG_WARN_SUSPICIOUS_MOVE = YES;
				CLANG_WARN_UNGUARDED_AVAILABILITY = YES_AGGRESSIVE;
				CLANG_WARN_UNREACHABLE_CODE = YES;
				CLANG_WARN__DUPLICATE_METHOD_MATCH = YES;
				CODE_SIGN_IDENTITY = "iPhone Developer";
				COPY_PHASE_STRIP = NO;
				DEBUG_INFORMATION_FORMAT = dwarf;
				ENABLE_STRICT_OBJC_MSGSEND = YES;
				ENABLE_TESTABILITY = YES;
				GCC_C_LANGUAGE_STANDARD = gnu11;
				GCC_DYNAMIC_NO_PIC = NO;
				GCC_NO_COMMON_BLOCKS = YES;
				GCC_OPTIMIZATION_LEVEL = 0;
				GCC_PREPROCESSOR_DEFINITIONS = (
					"DEBUG=1",
					"$(inherited)",
				);
				GCC_WARN_64_TO_32_BIT_CONVERSION = YES;
				GCC_WARN_ABOUT_RETURN_TYPE = YES_ERROR;
				GCC_WARN_UNDECLARED_SELECTOR = YES;
				GCC_WARN_UNINITIALIZED_AUTOS = YES_AGGRESSIVE;
				GCC_WARN_UNUSED_FUNCTION = YES;
				GCC_WARN_UNUSED_VARIABLE = YES;
				IPHONEOS_DEPLOYMENT_TARGET = 12.2;
				MTL_ENABLE_DEBUG_INFO = INCLUDE_SOURCE;
				MTL_FAST_MATH = YES;
				ONLY_ACTIVE_ARCH = YES;
				SDKROOT = iphoneos;
				SWIFT_ACTIVE_COMPILATION_CONDITIONS = DEBUG;
				SWIFT_OPTIMIZATION_LEVEL = "-Onone";
			};
			name = Debug;
		};
		572F6D8E22B7CF91006CAF34 /* Release */ = {
			isa = XCBuildConfiguration;
			buildSettings = {
				ALWAYS_SEARCH_USER_PATHS = NO;
				CLANG_ANALYZER_NONNULL = YES;
				CLANG_ANALYZER_NUMBER_OBJECT_CONVERSION = YES_AGGRESSIVE;
				CLANG_CXX_LANGUAGE_STANDARD = "gnu++14";
				CLANG_CXX_LIBRARY = "libc++";
				CLANG_ENABLE_MODULES = YES;
				CLANG_ENABLE_OBJC_ARC = YES;
				CLANG_ENABLE_OBJC_WEAK = YES;
				CLANG_WARN_BLOCK_CAPTURE_AUTORELEASING = YES;
				CLANG_WARN_BOOL_CONVERSION = YES;
				CLANG_WARN_COMMA = YES;
				CLANG_WARN_CONSTANT_CONVERSION = YES;
				CLANG_WARN_DEPRECATED_OBJC_IMPLEMENTATIONS = YES;
				CLANG_WARN_DIRECT_OBJC_ISA_USAGE = YES_ERROR;
				CLANG_WARN_DOCUMENTATION_COMMENTS = YES;
				CLANG_WARN_EMPTY_BODY = YES;
				CLANG_WARN_ENUM_CONVERSION = YES;
				CLANG_WARN_INFINITE_RECURSION = YES;
				CLANG_WARN_INT_CONVERSION = YES;
				CLANG_WARN_NON_LITERAL_NULL_CONVERSION = YES;
				CLANG_WARN_OBJC_IMPLICIT_RETAIN_SELF = YES;
				CLANG_WARN_OBJC_LITERAL_CONVERSION = YES;
				CLANG_WARN_OBJC_ROOT_CLASS = YES_ERROR;
				CLANG_WARN_RANGE_LOOP_ANALYSIS = YES;
				CLANG_WARN_STRICT_PROTOTYPES = YES;
				CLANG_WARN_SUSPICIOUS_MOVE = YES;
				CLANG_WARN_UNGUARDED_AVAILABILITY = YES_AGGRESSIVE;
				CLANG_WARN_UNREACHABLE_CODE = YES;
				CLANG_WARN__DUPLICATE_METHOD_MATCH = YES;
				CODE_SIGN_IDENTITY = "iPhone Developer";
				COPY_PHASE_STRIP = NO;
				DEBUG_INFORMATION_FORMAT = "dwarf-with-dsym";
				ENABLE_NS_ASSERTIONS = NO;
				ENABLE_STRICT_OBJC_MSGSEND = YES;
				GCC_C_LANGUAGE_STANDARD = gnu11;
				GCC_NO_COMMON_BLOCKS = YES;
				GCC_WARN_64_TO_32_BIT_CONVERSION = YES;
				GCC_WARN_ABOUT_RETURN_TYPE = YES_ERROR;
				GCC_WARN_UNDECLARED_SELECTOR = YES;
				GCC_WARN_UNINITIALIZED_AUTOS = YES_AGGRESSIVE;
				GCC_WARN_UNUSED_FUNCTION = YES;
				GCC_WARN_UNUSED_VARIABLE = YES;
				IPHONEOS_DEPLOYMENT_TARGET = 12.2;
				MTL_ENABLE_DEBUG_INFO = NO;
				MTL_FAST_MATH = YES;
				SDKROOT = iphoneos;
				SWIFT_COMPILATION_MODE = wholemodule;
				SWIFT_OPTIMIZATION_LEVEL = "-O";
				VALIDATE_PRODUCT = YES;
			};
			name = Release;
		};
		572F6D9022B7CF91006CAF34 /* Debug */ = {
			isa = XCBuildConfiguration;
			buildSettings = {
				ASSETCATALOG_COMPILER_APPICON_NAME = AppIcon;
				CODE_SIGN_STYLE = Automatic;
				DEVELOPMENT_TEAM = 5F36LJ5VF5;
				INFOPLIST_FILE = MeMe1.0/Info.plist;
				LD_RUNPATH_SEARCH_PATHS = (
					"$(inherited)",
					"@executable_path/Frameworks",
				);
				PRODUCT_BUNDLE_IDENTIFIER = "nevercute.pro.MeMe1-0";
				PRODUCT_NAME = "$(TARGET_NAME)";
				SWIFT_VERSION = 5.0;
				TARGETED_DEVICE_FAMILY = "1,2";
			};
			name = Debug;
		};
		572F6D9122B7CF91006CAF34 /* Release */ = {
			isa = XCBuildConfiguration;
			buildSettings = {
				ASSETCATALOG_COMPILER_APPICON_NAME = AppIcon;
				CODE_SIGN_STYLE = Automatic;
				DEVELOPMENT_TEAM = 5F36LJ5VF5;
				INFOPLIST_FILE = MeMe1.0/Info.plist;
				LD_RUNPATH_SEARCH_PATHS = (
					"$(inherited)",
					"@executable_path/Frameworks",
				);
				PRODUCT_BUNDLE_IDENTIFIER = "nevercute.pro.MeMe1-0";
				PRODUCT_NAME = "$(TARGET_NAME)";
				SWIFT_VERSION = 5.0;
				TARGETED_DEVICE_FAMILY = "1,2";
			};
			name = Release;
		};
/* End XCBuildConfiguration section */

/* Begin XCConfigurationList section */
		572F6D7822B7CF8F006CAF34 /* Build configuration list for PBXProject "MeMe1.0" */ = {
			isa = XCConfigurationList;
			buildConfigurations = (
				572F6D8D22B7CF91006CAF34 /* Debug */,
				572F6D8E22B7CF91006CAF34 /* Release */,
			);
			defaultConfigurationIsVisible = 0;
			defaultConfigurationName = Release;
		};
		572F6D8F22B7CF91006CAF34 /* Build configuration list for PBXNativeTarget "MeMe1.0" */ = {
			isa = XCConfigurationList;
			buildConfigurations = (
				572F6D9022B7CF91006CAF34 /* Debug */,
				572F6D9122B7CF91006CAF34 /* Release */,
			);
			defaultConfigurationIsVisible = 0;
			defaultConfigurationName = Release;
		};
/* End XCConfigurationList section */
	};
	rootObject = 572F6D7522B7CF8F006CAF34 /* Project object */;
}
